
Microsoft Visual Studio Solution File, Format Version 12.00
# Visual Studio 15
VisualStudioVersion = 15.0.28307.329
MinimumVisualStudioVersion = 10.0.40219.1
Project("{8BC9CEB8-8B4A-11D0-8D11-00A0C91BC942}") = "nguyen_to_eratosthenes", "nguyen_to_eratosthenes\nguyen_to_eratosthenes.vcxproj", "{A599136F-8A1F-41DB-BD81-69A21977E2C7}"
EndProject
Global
	GlobalSection(SolutionConfigurationPlatforms) = preSolution
		Debug|x64 = Debug|x64
		Debug|x86 = Debug|x86
		Release|x64 = Release|x64
		Release|x86 = Release|x86
	EndGlobalSection
	GlobalSection(ProjectConfigurationPlatforms) = postSolution
		{A599136F-8A1F-41DB-BD81-69A21977E2C7}.Debug|x64.ActiveCfg = Debug|x64
		{A599136F-8A1F-41DB-BD81-69A21977E2C7}.Debug|x64.Build.0 = Debug|x64
		{A599136F-8A1F-41DB-BD81-69A21977E2C7}.Debug|x86.ActiveCfg = Debug|Win32
		{A599136F-8A1F-41DB-BD81-69A21977E2C7}.Debug|x86.Build.0 = Debug|Win32
		{A599136F-8A1F-41DB-BD81-69A21977E2C7}.Release|x64.ActiveCfg = Release|x64
		{A599136F-8A1F-41DB-BD81-69A21977E2C7}.Release|x64.Build.0 = Release|x64
		{A599136F-8A1F-41DB-BD81-69A21977E2C7}.Release|x86.ActiveCfg = Release|Win32
		{A599136F-8A1F-41DB-BD81-69A21977E2C7}.Release|x86.Build.0 = Release|Win32
	EndGlobalSection
	GlobalSection(SolutionProperties) = preSolution
		HideSolutionNode = FALSE
	EndGlobalSection
	GlobalSection(ExtensibilityGlobals) = postSolution
		SolutionGuid = {034CB3FF-48D1-4BBC-B3F4-5B061CA36A92}
	EndGlobalSection
EndGlobal
